
Microsoft Visual Studio Solution File, Format Version 12.00
# Visual Studio Version 16
VisualStudioVersion = 16.0.29201.188
MinimumVisualStudioVersion = 10.0.40219.1
Project("{FAE04EC0-301F-11D3-BF4B-00C04F79EFBC}") = "GarageDoorService", "GarageDoorService\GarageDoorService.csproj", "{81EDD93E-8BD1-40B4-8972-79FF2EE605DC}"
EndProject
Project("{FAE04EC0-301F-11D3-BF4B-00C04F79EFBC}") = "GarageDoorService.WebServer", "GarageDoorService.WebServer\GarageDoorService.WebServer.csproj", "{887A66F8-20D4-4690-9DD3-2775BE192D3A}"
EndProject
Project("{FAE04EC0-301F-11D3-BF4B-00C04F79EFBC}") = "GarageDoorService.Shared", "GarageDoorService.Shared\GarageDoorService.Shared.csproj", "{C07068AF-2727-4E68-A768-A802F0523500}"
EndProject
Global
	GlobalSection(SolutionConfigurationPlatforms) = preSolution
		Debug|Any CPU = Debug|Any CPU
		Debug|ARM = Debug|ARM
		Debug|x64 = Debug|x64
		Debug|x86 = Debug|x86
		Release|Any CPU = Release|Any CPU
		Release|ARM = Release|ARM
		Release|x64 = Release|x64
		Release|x86 = Release|x86
	EndGlobalSection
	GlobalSection(ProjectConfigurationPlatforms) = postSolution
		{81EDD93E-8BD1-40B4-8972-79FF2EE605DC}.Debug|Any CPU.ActiveCfg = Debug|x86
		{81EDD93E-8BD1-40B4-8972-79FF2EE605DC}.Debug|ARM.ActiveCfg = Debug|ARM
		{81EDD93E-8BD1-40B4-8972-79FF2EE605DC}.Debug|ARM.Build.0 = Debug|ARM
		{81EDD93E-8BD1-40B4-8972-79FF2EE605DC}.Debug|ARM.Deploy.0 = Debug|ARM
		{81EDD93E-8BD1-40B4-8972-79FF2EE605DC}.Debug|x64.ActiveCfg = Debug|x64
		{81EDD93E-8BD1-40B4-8972-79FF2EE605DC}.Debug|x64.Build.0 = Debug|x64
		{81EDD93E-8BD1-40B4-8972-79FF2EE605DC}.Debug|x64.Deploy.0 = Debug|x64
		{81EDD93E-8BD1-40B4-8972-79FF2EE605DC}.Debug|x86.ActiveCfg = Debug|x86
		{81EDD93E-8BD1-40B4-8972-79FF2EE605DC}.Debug|x86.Build.0 = Debug|x86
		{81EDD93E-8BD1-40B4-8972-79FF2EE605DC}.Debug|x86.Deploy.0 = Debug|x86
		{81EDD93E-8BD1-40B4-8972-79FF2EE605DC}.Release|Any CPU.ActiveCfg = Release|x86
		{81EDD93E-8BD1-40B4-8972-79FF2EE605DC}.Release|ARM.ActiveCfg = Release|ARM
		{81EDD93E-8BD1-40B4-8972-79FF2EE605DC}.Release|ARM.Build.0 = Release|ARM
		{81EDD93E-8BD1-40B4-8972-79FF2EE605DC}.Release|ARM.Deploy.0 = Release|ARM
		{81EDD93E-8BD1-40B4-8972-79FF2EE605DC}.Release|x64.ActiveCfg = Release|x64
		{81EDD93E-8BD1-40B4-8972-79FF2EE605DC}.Release|x64.Build.0 = Release|x64
		{81EDD93E-8BD1-40B4-8972-79FF2EE605DC}.Release|x64.Deploy.0 = Release|x64
		{81EDD93E-8BD1-40B4-8972-79FF2EE605DC}.Release|x86.ActiveCfg = Release|x86
		{81EDD93E-8BD1-40B4-8972-79FF2EE605DC}.Release|x86.Build.0 = Release|x86
		{81EDD93E-8BD1-40B4-8972-79FF2EE605DC}.Release|x86.Deploy.0 = Release|x86
		{887A66F8-20D4-4690-9DD3-2775BE192D3A}.Debug|Any CPU.ActiveCfg = Debug|Any CPU
		{887A66F8-20D4-4690-9DD3-2775BE192D3A}.Debug|Any CPU.Build.0 = Debug|Any CPU
		{887A66F8-20D4-4690-9DD3-2775BE192D3A}.Debug|ARM.ActiveCfg = Debug|Any CPU
		{887A66F8-20D4-4690-9DD3-2775BE192D3A}.Debug|ARM.Build.0 = Debug|Any CPU
		{887A66F8-20D4-4690-9DD3-2775BE192D3A}.Debug|x64.ActiveCfg = Debug|Any CPU
		{887A66F8-20D4-4690-9DD3-2775BE192D3A}.Debug|x64.Build.0 = Debug|Any CPU
		{887A66F8-20D4-4690-9DD3-2775BE192D3A}.Debug|x86.ActiveCfg = Debug|Any CPU
		{887A66F8-20D4-4690-9DD3-2775BE192D3A}.Debug|x86.Build.0 = Debug|Any CPU
		{887A66F8-20D4-4690-9DD3-2775BE192D3A}.Release|Any CPU.ActiveCfg = Release|Any CPU
		{887A66F8-20D4-4690-9DD3-2775BE192D3A}.Release|Any CPU.Build.0 = Release|Any CPU
		{887A66F8-20D4-4690-9DD3-2775BE192D3A}.Release|ARM.ActiveCfg = Release|Any CPU
		{887A66F8-20D4-4690-9DD3-2775BE192D3A}.Release|ARM.Build.0 = Release|Any CPU
		{887A66F8-20D4-4690-9DD3-2775BE192D3A}.Release|x64.ActiveCfg = Release|Any CPU
		{887A66F8-20D4-4690-9DD3-2775BE192D3A}.Release|x64.Build.0 = Release|Any CPU
		{887A66F8-20D4-4690-9DD3-2775BE192D3A}.Release|x86.ActiveCfg = Release|Any CPU
		{887A66F8-20D4-4690-9DD3-2775BE192D3A}.Release|x86.Build.0 = Release|Any CPU
		{C07068AF-2727-4E68-A768-A802F0523500}.Debug|Any CPU.ActiveCfg = Debug|Any CPU
		{C07068AF-2727-4E68-A768-A802F0523500}.Debug|Any CPU.Build.0 = Debug|Any CPU
		{C07068AF-2727-4E68-A768-A802F0523500}.Debug|ARM.ActiveCfg = Debug|Any CPU
		{C07068AF-2727-4E68-A768-A802F0523500}.Debug|ARM.Build.0 = Debug|Any CPU
		{C07068AF-2727-4E68-A768-A802F0523500}.Debug|x64.ActiveCfg = Debug|Any CPU
		{C07068AF-2727-4E68-A768-A802F0523500}.Debug|x64.Build.0 = Debug|Any CPU
		{C07068AF-2727-4E68-A768-A802F0523500}.Debug|x86.ActiveCfg = Debug|Any CPU
		{C07068AF-2727-4E68-A768-A802F0523500}.Debug|x86.Build.0 = Debug|Any CPU
		{C07068AF-2727-4E68-A768-A802F0523500}.Release|Any CPU.ActiveCfg = Release|Any CPU
		{C07068AF-2727-4E68-A768-A802F0523500}.Release|Any CPU.Build.0 = Release|Any CPU
		{C07068AF-2727-4E68-A768-A802F0523500}.Release|ARM.ActiveCfg = Release|Any CPU
		{C07068AF-2727-4E68-A768-A802F0523500}.Release|ARM.Build.0 = Release|Any CPU
		{C07068AF-2727-4E68-A768-A802F0523500}.Release|x64.ActiveCfg = Release|Any CPU
		{C07068AF-2727-4E68-A768-A802F0523500}.Release|x64.Build.0 = Release|Any CPU
		{C07068AF-2727-4E68-A768-A802F0523500}.Release|x86.ActiveCfg = Release|Any CPU
		{C07068AF-2727-4E68-A768-A802F0523500}.Release|x86.Build.0 = Release|Any CPU
	EndGlobalSection
	GlobalSection(SolutionProperties) = preSolution
		HideSolutionNode = FALSE
	EndGlobalSection
	GlobalSection(ExtensibilityGlobals) = postSolution
		SolutionGuid = {332D05CB-6729-4979-8F7F-C6128CF14D8D}
	EndGlobalSection
EndGlobal
